
Microsoft Visual Studio Solution File, Format Version 12.00
# Visual Studio Version 16
VisualStudioVersion = 16.0.30204.135
MinimumVisualStudioVersion = 10.0.40219.1
Project("{FAE04EC0-301F-11D3-BF4B-00C04F79EFBC}") = "MkConst", "MkConst\MkConst\MkConst.csproj", "{1CA0B109-26E7-42D8-8D41-9B1EBBF68A70}"
EndProject
Project("{FAE04EC0-301F-11D3-BF4B-00C04F79EFBC}") = "MkConst.Test", "MkConst\MkConst.Test\MkConst.Test.csproj", "{ED6A1695-EE69-4DC6-89F8-EFDF46F6A0BE}"
EndProject
Project("{FAE04EC0-301F-11D3-BF4B-00C04F79EFBC}") = "MkConst.Vsix", "MkConst\MkConst.Vsix\MkConst.Vsix.csproj", "{100B7FAE-7192-448D-B496-FA983B1F28AA}"
EndProject
Global
	GlobalSection(SolutionConfigurationPlatforms) = preSolution
		Debug|Any CPU = Debug|Any CPU
		Release|Any CPU = Release|Any CPU
	EndGlobalSection
	GlobalSection(ProjectConfigurationPlatforms) = postSolution
		{1CA0B109-26E7-42D8-8D41-9B1EBBF68A70}.Debug|Any CPU.ActiveCfg = Debug|Any CPU
		{1CA0B109-26E7-42D8-8D41-9B1EBBF68A70}.Debug|Any CPU.Build.0 = Debug|Any CPU
		{1CA0B109-26E7-42D8-8D41-9B1EBBF68A70}.Release|Any CPU.ActiveCfg = Release|Any CPU
		{1CA0B109-26E7-42D8-8D41-9B1EBBF68A70}.Release|Any CPU.Build.0 = Release|Any CPU
		{ED6A1695-EE69-4DC6-89F8-EFDF46F6A0BE}.Debug|Any CPU.ActiveCfg = Debug|Any CPU
		{ED6A1695-EE69-4DC6-89F8-EFDF46F6A0BE}.Debug|Any CPU.Build.0 = Debug|Any CPU
		{ED6A1695-EE69-4DC6-89F8-EFDF46F6A0BE}.Release|Any CPU.ActiveCfg = Release|Any CPU
		{ED6A1695-EE69-4DC6-89F8-EFDF46F6A0BE}.Release|Any CPU.Build.0 = Release|Any CPU
		{100B7FAE-7192-448D-B496-FA983B1F28AA}.Debug|Any CPU.ActiveCfg = Debug|Any CPU
		{100B7FAE-7192-448D-B496-FA983B1F28AA}.Debug|Any CPU.Build.0 = Debug|Any CPU
		{100B7FAE-7192-448D-B496-FA983B1F28AA}.Release|Any CPU.ActiveCfg = Release|Any CPU
		{100B7FAE-7192-448D-B496-FA983B1F28AA}.Release|Any CPU.Build.0 = Release|Any CPU
	EndGlobalSection
	GlobalSection(SolutionProperties) = preSolution
		HideSolutionNode = FALSE
	EndGlobalSection
	GlobalSection(ExtensibilityGlobals) = postSolution
		SolutionGuid = {3ED9D636-0B4E-4EA0-9640-12629A9B4352}
	EndGlobalSection
EndGlobal
